
Microsoft Visual Studio Solution File, Format Version 12.00
# Visual Studio Version 17
VisualStudioVersion = 17.6.33829.357
MinimumVisualStudioVersion = 10.0.40219.1
Project("{9A19103F-16F7-4668-BE54-9A1E7A4F7556}") = "MVC_DI_DEMO", "..\DI\MVC_DI_DEMO\MVC_DI_DEMO.csproj", "{00429692-4663-47A0-979B-55734C08C8D3}"
EndProject
Project("{9A19103F-16F7-4668-BE54-9A1E7A4F7556}") = "MiddleWare_Demo", "..\MiddleWare_Demo\MiddleWare_Demo\MiddleWare_Demo.csproj", "{972A51FF-2A6D-48FF-82ED-5D51A8BDFDD2}"
EndProject
Global
	GlobalSection(SolutionConfigurationPlatforms) = preSolution
		Debug|Any CPU = Debug|Any CPU
		Release|Any CPU = Release|Any CPU
	EndGlobalSection
	GlobalSection(ProjectConfigurationPlatforms) = postSolution
		{00429692-4663-47A0-979B-55734C08C8D3}.Debug|Any CPU.ActiveCfg = Debug|Any CPU
		{00429692-4663-47A0-979B-55734C08C8D3}.Debug|Any CPU.Build.0 = Debug|Any CPU
		{00429692-4663-47A0-979B-55734C08C8D3}.Release|Any CPU.ActiveCfg = Release|Any CPU
		{00429692-4663-47A0-979B-55734C08C8D3}.Release|Any CPU.Build.0 = Release|Any CPU
		{972A51FF-2A6D-48FF-82ED-5D51A8BDFDD2}.Debug|Any CPU.ActiveCfg = Debug|Any CPU
		{972A51FF-2A6D-48FF-82ED-5D51A8BDFDD2}.Debug|Any CPU.Build.0 = Debug|Any CPU
		{972A51FF-2A6D-48FF-82ED-5D51A8BDFDD2}.Release|Any CPU.ActiveCfg = Release|Any CPU
		{972A51FF-2A6D-48FF-82ED-5D51A8BDFDD2}.Release|Any CPU.Build.0 = Release|Any CPU
	EndGlobalSection
	GlobalSection(SolutionProperties) = preSolution
		HideSolutionNode = FALSE
	EndGlobalSection
	GlobalSection(ExtensibilityGlobals) = postSolution
		SolutionGuid = {2E433DF6-DD7E-4DD4-95E7-CAF0DB55A17E}
	EndGlobalSection
EndGlobal
