
Microsoft Visual Studio Solution File, Format Version 12.00
# Visual Studio Version 16
VisualStudioVersion = 16.0.32228.343
MinimumVisualStudioVersion = 10.0.40219.1
Project("{FAE04EC0-301F-11D3-BF4B-00C04F79EFBC}") = "MVCApp_CustomValidation_Demo", "MVCApp_CustomValidation_Demo\MVCApp_CustomValidation_Demo.csproj", "{5794610E-ADC7-4E04-B8BC-69A73D877F11}"
EndProject
Global
	GlobalSection(SolutionConfigurationPlatforms) = preSolution
		Debug|Any CPU = Debug|Any CPU
		Release|Any CPU = Release|Any CPU
	EndGlobalSection
	GlobalSection(ProjectConfigurationPlatforms) = postSolution
		{5794610E-ADC7-4E04-B8BC-69A73D877F11}.Debug|Any CPU.ActiveCfg = Debug|Any CPU
		{5794610E-ADC7-4E04-B8BC-69A73D877F11}.Debug|Any CPU.Build.0 = Debug|Any CPU
		{5794610E-ADC7-4E04-B8BC-69A73D877F11}.Release|Any CPU.ActiveCfg = Release|Any CPU
		{5794610E-ADC7-4E04-B8BC-69A73D877F11}.Release|Any CPU.Build.0 = Release|Any CPU
	EndGlobalSection
	GlobalSection(SolutionProperties) = preSolution
		HideSolutionNode = FALSE
	EndGlobalSection
	GlobalSection(ExtensibilityGlobals) = postSolution
		SolutionGuid = {ADEBBEC3-7886-4D1A-B7BB-A4AA102C3EC5}
	EndGlobalSection
EndGlobal
