
Microsoft Visual Studio Solution File, Format Version 12.00
# Visual Studio Version 16
VisualStudioVersion = 16.0.32228.343
MinimumVisualStudioVersion = 10.0.40219.1
Project("{FAE04EC0-301F-11D3-BF4B-00C04F79EFBC}") = "Mydll", "Mydll.csproj", "{380071A6-33BC-4297-9348-9BD6EE33A9D1}"
EndProject
Project("{FAE04EC0-301F-11D3-BF4B-00C04F79EFBC}") = "ConsoleApp1", "C:\Users\HP\Documents\Visual Studio 2019\ConsoleApp1\ConsoleApp1.csproj", "{0AB5EEBE-CA48-46DC-AE98-41C1A6980BAC}"
EndProject
Global
	GlobalSection(SolutionConfigurationPlatforms) = preSolution
		Debug|Any CPU = Debug|Any CPU
		Release|Any CPU = Release|Any CPU
	EndGlobalSection
	GlobalSection(ProjectConfigurationPlatforms) = postSolution
		{380071A6-33BC-4297-9348-9BD6EE33A9D1}.Debug|Any CPU.ActiveCfg = Debug|Any CPU
		{380071A6-33BC-4297-9348-9BD6EE33A9D1}.Debug|Any CPU.Build.0 = Debug|Any CPU
		{380071A6-33BC-4297-9348-9BD6EE33A9D1}.Release|Any CPU.ActiveCfg = Release|Any CPU
		{380071A6-33BC-4297-9348-9BD6EE33A9D1}.Release|Any CPU.Build.0 = Release|Any CPU
		{0AB5EEBE-CA48-46DC-AE98-41C1A6980BAC}.Debug|Any CPU.ActiveCfg = Debug|Any CPU
		{0AB5EEBE-CA48-46DC-AE98-41C1A6980BAC}.Debug|Any CPU.Build.0 = Debug|Any CPU
		{0AB5EEBE-CA48-46DC-AE98-41C1A6980BAC}.Release|Any CPU.ActiveCfg = Release|Any CPU
		{0AB5EEBE-CA48-46DC-AE98-41C1A6980BAC}.Release|Any CPU.Build.0 = Release|Any CPU
	EndGlobalSection
	GlobalSection(SolutionProperties) = preSolution
		HideSolutionNode = FALSE
	EndGlobalSection
	GlobalSection(ExtensibilityGlobals) = postSolution
		SolutionGuid = {628B7BB7-72FA-4C75-9418-90BFD8793C32}
	EndGlobalSection
EndGlobal
