
Microsoft Visual Studio Solution File, Format Version 12.00
# Visual Studio Version 16
VisualStudioVersion = 16.0.32228.343
MinimumVisualStudioVersion = 10.0.40219.1
Project("{9A19103F-16F7-4668-BE54-9A1E7A4F7556}") = "MVCApp1", "MVCApp1\MVCApp1.csproj", "{8E08537B-659C-4CCE-AB68-F2328FDBB631}"
EndProject
Global
	GlobalSection(SolutionConfigurationPlatforms) = preSolution
		Debug|Any CPU = Debug|Any CPU
		Release|Any CPU = Release|Any CPU
	EndGlobalSection
	GlobalSection(ProjectConfigurationPlatforms) = postSolution
		{8E08537B-659C-4CCE-AB68-F2328FDBB631}.Debug|Any CPU.ActiveCfg = Debug|Any CPU
		{8E08537B-659C-4CCE-AB68-F2328FDBB631}.Debug|Any CPU.Build.0 = Debug|Any CPU
		{8E08537B-659C-4CCE-AB68-F2328FDBB631}.Release|Any CPU.ActiveCfg = Release|Any CPU
		{8E08537B-659C-4CCE-AB68-F2328FDBB631}.Release|Any CPU.Build.0 = Release|Any CPU
	EndGlobalSection
	GlobalSection(SolutionProperties) = preSolution
		HideSolutionNode = FALSE
	EndGlobalSection
	GlobalSection(ExtensibilityGlobals) = postSolution
		SolutionGuid = {FCE49323-B95B-40FE-9152-A746D5C10A56}
	EndGlobalSection
EndGlobal
