
Microsoft Visual Studio Solution File, Format Version 12.00
# Visual Studio Version 16
VisualStudioVersion = 16.0.32228.343
MinimumVisualStudioVersion = 10.0.40219.1
Project("{FAE04EC0-301F-11D3-BF4B-00C04F79EFBC}") = "WebApplication14", "WebApplication14\WebApplication14.csproj", "{45575103-DA6B-435B-B909-C0BEE3B3D0A0}"
EndProject
Global
	GlobalSection(SolutionConfigurationPlatforms) = preSolution
		Debug|Any CPU = Debug|Any CPU
		Release|Any CPU = Release|Any CPU
	EndGlobalSection
	GlobalSection(ProjectConfigurationPlatforms) = postSolution
		{45575103-DA6B-435B-B909-C0BEE3B3D0A0}.Debug|Any CPU.ActiveCfg = Debug|Any CPU
		{45575103-DA6B-435B-B909-C0BEE3B3D0A0}.Debug|Any CPU.Build.0 = Debug|Any CPU
		{45575103-DA6B-435B-B909-C0BEE3B3D0A0}.Release|Any CPU.ActiveCfg = Release|Any CPU
		{45575103-DA6B-435B-B909-C0BEE3B3D0A0}.Release|Any CPU.Build.0 = Release|Any CPU
	EndGlobalSection
	GlobalSection(SolutionProperties) = preSolution
		HideSolutionNode = FALSE
	EndGlobalSection
	GlobalSection(ExtensibilityGlobals) = postSolution
		SolutionGuid = {B99E4C45-6541-4917-8A5E-FFA3C594C7A3}
	EndGlobalSection
EndGlobal
