
Microsoft Visual Studio Solution File, Format Version 12.00
# Visual Studio Version 16
VisualStudioVersion = 16.0.32228.343
MinimumVisualStudioVersion = 10.0.40219.1
Project("{FAE04EC0-301F-11D3-BF4B-00C04F79EFBC}") = "Library_For_CollectionTest", "Library_For_CollectionTest\Library_For_CollectionTest.csproj", "{5A0D55FE-1EAC-4F66-80A9-5D35A7577BE6}"
EndProject
Project("{FAE04EC0-301F-11D3-BF4B-00C04F79EFBC}") = "Test_Collection_Assert", "Test_Collection_Assert\Test_Collection_Assert.csproj", "{B165938D-DFF6-4DE2-9E88-17A547913C30}"
EndProject
Global
	GlobalSection(SolutionConfigurationPlatforms) = preSolution
		Debug|Any CPU = Debug|Any CPU
		Release|Any CPU = Release|Any CPU
	EndGlobalSection
	GlobalSection(ProjectConfigurationPlatforms) = postSolution
		{5A0D55FE-1EAC-4F66-80A9-5D35A7577BE6}.Debug|Any CPU.ActiveCfg = Debug|Any CPU
		{5A0D55FE-1EAC-4F66-80A9-5D35A7577BE6}.Debug|Any CPU.Build.0 = Debug|Any CPU
		{5A0D55FE-1EAC-4F66-80A9-5D35A7577BE6}.Release|Any CPU.ActiveCfg = Release|Any CPU
		{5A0D55FE-1EAC-4F66-80A9-5D35A7577BE6}.Release|Any CPU.Build.0 = Release|Any CPU
		{B165938D-DFF6-4DE2-9E88-17A547913C30}.Debug|Any CPU.ActiveCfg = Debug|Any CPU
		{B165938D-DFF6-4DE2-9E88-17A547913C30}.Debug|Any CPU.Build.0 = Debug|Any CPU
		{B165938D-DFF6-4DE2-9E88-17A547913C30}.Release|Any CPU.ActiveCfg = Release|Any CPU
		{B165938D-DFF6-4DE2-9E88-17A547913C30}.Release|Any CPU.Build.0 = Release|Any CPU
	EndGlobalSection
	GlobalSection(SolutionProperties) = preSolution
		HideSolutionNode = FALSE
	EndGlobalSection
	GlobalSection(ExtensibilityGlobals) = postSolution
		SolutionGuid = {89200F5C-7401-4983-B0B3-03067D921C4A}
	EndGlobalSection
EndGlobal
