
Microsoft Visual Studio Solution File, Format Version 12.00
# Visual Studio Version 16
VisualStudioVersion = 16.0.32228.343
MinimumVisualStudioVersion = 10.0.40219.1
Project("{FAE04EC0-301F-11D3-BF4B-00C04F79EFBC}") = "WEbAPI_ModelState_Example", "WEbAPI_ModelState_Example\WEbAPI_ModelState_Example.csproj", "{FB8E3AD4-EA53-47B2-B364-7F873A85CACF}"
EndProject
Global
	GlobalSection(SolutionConfigurationPlatforms) = preSolution
		Debug|Any CPU = Debug|Any CPU
		Release|Any CPU = Release|Any CPU
	EndGlobalSection
	GlobalSection(ProjectConfigurationPlatforms) = postSolution
		{FB8E3AD4-EA53-47B2-B364-7F873A85CACF}.Debug|Any CPU.ActiveCfg = Debug|Any CPU
		{FB8E3AD4-EA53-47B2-B364-7F873A85CACF}.Debug|Any CPU.Build.0 = Debug|Any CPU
		{FB8E3AD4-EA53-47B2-B364-7F873A85CACF}.Release|Any CPU.ActiveCfg = Release|Any CPU
		{FB8E3AD4-EA53-47B2-B364-7F873A85CACF}.Release|Any CPU.Build.0 = Release|Any CPU
	EndGlobalSection
	GlobalSection(SolutionProperties) = preSolution
		HideSolutionNode = FALSE
	EndGlobalSection
	GlobalSection(ExtensibilityGlobals) = postSolution
		SolutionGuid = {E84240D5-4D8F-4392-A832-12159CFF997F}
	EndGlobalSection
EndGlobal
