
Microsoft Visual Studio Solution File, Format Version 12.00
# Visual Studio Version 16
VisualStudioVersion = 16.0.32228.343
MinimumVisualStudioVersion = 10.0.40219.1
Project("{FAE04EC0-301F-11D3-BF4B-00C04F79EFBC}") = "TestingDemo", "TestingDemo\TestingDemo.csproj", "{3A91988B-CCC9-43E8-9F08-5FF43BC29935}"
EndProject
Project("{FAE04EC0-301F-11D3-BF4B-00C04F79EFBC}") = "TestAreas", "TestAreas\TestAreas.csproj", "{90ED7FBE-E5D4-46B2-A0E7-23A47940A59E}"
EndProject
Global
	GlobalSection(SolutionConfigurationPlatforms) = preSolution
		Debug|Any CPU = Debug|Any CPU
		Release|Any CPU = Release|Any CPU
	EndGlobalSection
	GlobalSection(ProjectConfigurationPlatforms) = postSolution
		{3A91988B-CCC9-43E8-9F08-5FF43BC29935}.Debug|Any CPU.ActiveCfg = Debug|Any CPU
		{3A91988B-CCC9-43E8-9F08-5FF43BC29935}.Debug|Any CPU.Build.0 = Debug|Any CPU
		{3A91988B-CCC9-43E8-9F08-5FF43BC29935}.Release|Any CPU.ActiveCfg = Release|Any CPU
		{3A91988B-CCC9-43E8-9F08-5FF43BC29935}.Release|Any CPU.Build.0 = Release|Any CPU
		{90ED7FBE-E5D4-46B2-A0E7-23A47940A59E}.Debug|Any CPU.ActiveCfg = Debug|Any CPU
		{90ED7FBE-E5D4-46B2-A0E7-23A47940A59E}.Debug|Any CPU.Build.0 = Debug|Any CPU
		{90ED7FBE-E5D4-46B2-A0E7-23A47940A59E}.Release|Any CPU.ActiveCfg = Release|Any CPU
		{90ED7FBE-E5D4-46B2-A0E7-23A47940A59E}.Release|Any CPU.Build.0 = Release|Any CPU
	EndGlobalSection
	GlobalSection(SolutionProperties) = preSolution
		HideSolutionNode = FALSE
	EndGlobalSection
	GlobalSection(ExtensibilityGlobals) = postSolution
		SolutionGuid = {B1637019-3A69-4E7F-916F-C1F7D2D302E6}
	EndGlobalSection
EndGlobal
