
Microsoft Visual Studio Solution File, Format Version 10.00
# Visual Studio 2008
Project("{FAE04EC0-301F-11D3-BF4B-00C04F79EFBC}") = "ConnectedADO", "ConnectedADO\ConnectedADO.csproj", "{9E3A90D0-2079-4FA4-8B7E-41AD0A784549}"
EndProject
Global
	GlobalSection(SolutionConfigurationPlatforms) = preSolution
		Debug|Any CPU = Debug|Any CPU
		mydebug|Any CPU = mydebug|Any CPU
		Release|Any CPU = Release|Any CPU
	EndGlobalSection
	GlobalSection(ProjectConfigurationPlatforms) = postSolution
		{9E3A90D0-2079-4FA4-8B7E-41AD0A784549}.Debug|Any CPU.ActiveCfg = Debug|Any CPU
		{9E3A90D0-2079-4FA4-8B7E-41AD0A784549}.Debug|Any CPU.Build.0 = Debug|Any CPU
		{9E3A90D0-2079-4FA4-8B7E-41AD0A784549}.mydebug|Any CPU.ActiveCfg = mydebug|Any CPU
		{9E3A90D0-2079-4FA4-8B7E-41AD0A784549}.mydebug|Any CPU.Build.0 = mydebug|Any CPU
		{9E3A90D0-2079-4FA4-8B7E-41AD0A784549}.Release|Any CPU.ActiveCfg = Release|Any CPU
		{9E3A90D0-2079-4FA4-8B7E-41AD0A784549}.Release|Any CPU.Build.0 = Release|Any CPU
	EndGlobalSection
	GlobalSection(SolutionProperties) = preSolution
		HideSolutionNode = FALSE
	EndGlobalSection
EndGlobal
