
Microsoft Visual Studio Solution File, Format Version 12.00
# Visual Studio Version 16
VisualStudioVersion = 16.0.32228.343
MinimumVisualStudioVersion = 10.0.40219.1
Project("{9A19103F-16F7-4668-BE54-9A1E7A4F7556}") = "MVCApp1", "..\MVCApp1\MVCApp1.csproj", "{A0D1CE32-6DFE-4CF6-8C58-3B451B45C538}"
EndProject
Project("{9A19103F-16F7-4668-BE54-9A1E7A4F7556}") = "MVC_Demo1", "..\MVC_Demo1\MVC_Demo1.csproj", "{3C60CD1B-949B-4F68-9F37-5F88626DF7DF}"
EndProject
Global
	GlobalSection(SolutionConfigurationPlatforms) = preSolution
		Debug|Any CPU = Debug|Any CPU
		Release|Any CPU = Release|Any CPU
	EndGlobalSection
	GlobalSection(ProjectConfigurationPlatforms) = postSolution
		{A0D1CE32-6DFE-4CF6-8C58-3B451B45C538}.Debug|Any CPU.ActiveCfg = Debug|Any CPU
		{A0D1CE32-6DFE-4CF6-8C58-3B451B45C538}.Debug|Any CPU.Build.0 = Debug|Any CPU
		{A0D1CE32-6DFE-4CF6-8C58-3B451B45C538}.Release|Any CPU.ActiveCfg = Release|Any CPU
		{A0D1CE32-6DFE-4CF6-8C58-3B451B45C538}.Release|Any CPU.Build.0 = Release|Any CPU
		{3C60CD1B-949B-4F68-9F37-5F88626DF7DF}.Debug|Any CPU.ActiveCfg = Debug|Any CPU
		{3C60CD1B-949B-4F68-9F37-5F88626DF7DF}.Debug|Any CPU.Build.0 = Debug|Any CPU
		{3C60CD1B-949B-4F68-9F37-5F88626DF7DF}.Release|Any CPU.ActiveCfg = Release|Any CPU
		{3C60CD1B-949B-4F68-9F37-5F88626DF7DF}.Release|Any CPU.Build.0 = Release|Any CPU
	EndGlobalSection
	GlobalSection(SolutionProperties) = preSolution
		HideSolutionNode = FALSE
	EndGlobalSection
	GlobalSection(ExtensibilityGlobals) = postSolution
		SolutionGuid = {C75018B0-B38B-4430-A887-23DD41534490}
	EndGlobalSection
EndGlobal
