
Microsoft Visual Studio Solution File, Format Version 12.00
# Visual Studio Version 16
VisualStudioVersion = 16.0.32228.343
MinimumVisualStudioVersion = 10.0.40219.1
Project("{9A19103F-16F7-4668-BE54-9A1E7A4F7556}") = "C_Sharp_Concepts_Demo", "C_Sharp_Concepts_Demo\C_Sharp_Concepts_Demo.csproj", "{A72C7F2D-8697-4298-94CC-7E43BC8D4672}"
EndProject
Project("{FAE04EC0-301F-11D3-BF4B-00C04F79EFBC}") = "InputStatement", "..\InputStatement\InputStatement.csproj", "{2FB8DE8E-6E22-4E8C-8732-6260FA1EBFE0}"
EndProject
Project("{FAE04EC0-301F-11D3-BF4B-00C04F79EFBC}") = "Looping_Example", "..\Looping_Example\Looping_Example.csproj", "{278F9D1B-D828-458E-BBAE-53AFC9F2AD91}"
EndProject
Project("{FAE04EC0-301F-11D3-BF4B-00C04F79EFBC}") = "SelectionStatement", "..\SelectionStatement\SelectionStatement.csproj", "{E6293374-1AEB-406A-892D-018A46A9C382}"
EndProject
Project("{FAE04EC0-301F-11D3-BF4B-00C04F79EFBC}") = "MyMathLiB", "MyMathLiB\MyMathLiB.csproj", "{F329130E-2B9C-4DCE-B0BD-40272E7DFC15}"
EndProject
Global
	GlobalSection(SolutionConfigurationPlatforms) = preSolution
		Debug|Any CPU = Debug|Any CPU
		Release|Any CPU = Release|Any CPU
	EndGlobalSection
	GlobalSection(ProjectConfigurationPlatforms) = postSolution
		{A72C7F2D-8697-4298-94CC-7E43BC8D4672}.Debug|Any CPU.ActiveCfg = Debug|Any CPU
		{A72C7F2D-8697-4298-94CC-7E43BC8D4672}.Debug|Any CPU.Build.0 = Debug|Any CPU
		{A72C7F2D-8697-4298-94CC-7E43BC8D4672}.Release|Any CPU.ActiveCfg = Release|Any CPU
		{A72C7F2D-8697-4298-94CC-7E43BC8D4672}.Release|Any CPU.Build.0 = Release|Any CPU
		{2FB8DE8E-6E22-4E8C-8732-6260FA1EBFE0}.Debug|Any CPU.ActiveCfg = Debug|Any CPU
		{2FB8DE8E-6E22-4E8C-8732-6260FA1EBFE0}.Debug|Any CPU.Build.0 = Debug|Any CPU
		{2FB8DE8E-6E22-4E8C-8732-6260FA1EBFE0}.Release|Any CPU.ActiveCfg = Release|Any CPU
		{2FB8DE8E-6E22-4E8C-8732-6260FA1EBFE0}.Release|Any CPU.Build.0 = Release|Any CPU
		{278F9D1B-D828-458E-BBAE-53AFC9F2AD91}.Debug|Any CPU.ActiveCfg = Debug|Any CPU
		{278F9D1B-D828-458E-BBAE-53AFC9F2AD91}.Debug|Any CPU.Build.0 = Debug|Any CPU
		{278F9D1B-D828-458E-BBAE-53AFC9F2AD91}.Release|Any CPU.ActiveCfg = Release|Any CPU
		{278F9D1B-D828-458E-BBAE-53AFC9F2AD91}.Release|Any CPU.Build.0 = Release|Any CPU
		{E6293374-1AEB-406A-892D-018A46A9C382}.Debug|Any CPU.ActiveCfg = Debug|Any CPU
		{E6293374-1AEB-406A-892D-018A46A9C382}.Debug|Any CPU.Build.0 = Debug|Any CPU
		{E6293374-1AEB-406A-892D-018A46A9C382}.Release|Any CPU.ActiveCfg = Release|Any CPU
		{E6293374-1AEB-406A-892D-018A46A9C382}.Release|Any CPU.Build.0 = Release|Any CPU
		{F329130E-2B9C-4DCE-B0BD-40272E7DFC15}.Debug|Any CPU.ActiveCfg = Debug|Any CPU
		{F329130E-2B9C-4DCE-B0BD-40272E7DFC15}.Debug|Any CPU.Build.0 = Debug|Any CPU
		{F329130E-2B9C-4DCE-B0BD-40272E7DFC15}.Release|Any CPU.ActiveCfg = Release|Any CPU
		{F329130E-2B9C-4DCE-B0BD-40272E7DFC15}.Release|Any CPU.Build.0 = Release|Any CPU
	EndGlobalSection
	GlobalSection(SolutionProperties) = preSolution
		HideSolutionNode = FALSE
	EndGlobalSection
	GlobalSection(ExtensibilityGlobals) = postSolution
		SolutionGuid = {57F9FD3A-F156-4767-AF64-D6F36F3B168E}
	EndGlobalSection
EndGlobal
