
Microsoft Visual Studio Solution File, Format Version 12.00
# Visual Studio Version 16
VisualStudioVersion = 16.0.32228.343
MinimumVisualStudioVersion = 10.0.40219.1
Project("{FAE04EC0-301F-11D3-BF4B-00C04F79EFBC}") = "Model_In_ASPNETCoreMVC", "Model_In_ASPNETCoreMVC\Model_In_ASPNETCoreMVC.csproj", "{8043A2A6-C5E9-4D1B-91E2-7647C45B235E}"
EndProject
Global
	GlobalSection(SolutionConfigurationPlatforms) = preSolution
		Debug|Any CPU = Debug|Any CPU
		Release|Any CPU = Release|Any CPU
	EndGlobalSection
	GlobalSection(ProjectConfigurationPlatforms) = postSolution
		{8043A2A6-C5E9-4D1B-91E2-7647C45B235E}.Debug|Any CPU.ActiveCfg = Debug|Any CPU
		{8043A2A6-C5E9-4D1B-91E2-7647C45B235E}.Debug|Any CPU.Build.0 = Debug|Any CPU
		{8043A2A6-C5E9-4D1B-91E2-7647C45B235E}.Release|Any CPU.ActiveCfg = Release|Any CPU
		{8043A2A6-C5E9-4D1B-91E2-7647C45B235E}.Release|Any CPU.Build.0 = Release|Any CPU
	EndGlobalSection
	GlobalSection(SolutionProperties) = preSolution
		HideSolutionNode = FALSE
	EndGlobalSection
	GlobalSection(ExtensibilityGlobals) = postSolution
		SolutionGuid = {F84F882D-175A-4253-B077-83F364228F38}
	EndGlobalSection
EndGlobal
