
Microsoft Visual Studio Solution File, Format Version 12.00
# Visual Studio Version 16
VisualStudioVersion = 16.0.32228.343
MinimumVisualStudioVersion = 10.0.40219.1
Project("{FAE04EC0-301F-11D3-BF4B-00C04F79EFBC}") = "WebAPI_Demo", "WebAPI_Demo\WebAPI_Demo.csproj", "{B1362191-E550-4248-9D9E-9AA39C3D13EA}"
EndProject
Global
	GlobalSection(SolutionConfigurationPlatforms) = preSolution
		Debug|Any CPU = Debug|Any CPU
		Release|Any CPU = Release|Any CPU
	EndGlobalSection
	GlobalSection(ProjectConfigurationPlatforms) = postSolution
		{B1362191-E550-4248-9D9E-9AA39C3D13EA}.Debug|Any CPU.ActiveCfg = Debug|Any CPU
		{B1362191-E550-4248-9D9E-9AA39C3D13EA}.Debug|Any CPU.Build.0 = Debug|Any CPU
		{B1362191-E550-4248-9D9E-9AA39C3D13EA}.Release|Any CPU.ActiveCfg = Release|Any CPU
		{B1362191-E550-4248-9D9E-9AA39C3D13EA}.Release|Any CPU.Build.0 = Release|Any CPU
	EndGlobalSection
	GlobalSection(SolutionProperties) = preSolution
		HideSolutionNode = FALSE
	EndGlobalSection
	GlobalSection(ExtensibilityGlobals) = postSolution
		SolutionGuid = {C1ECD292-A85F-4535-A437-BB72A54DA3F5}
	EndGlobalSection
EndGlobal
