
Microsoft Visual Studio Solution File, Format Version 12.00
# Visual Studio Version 16
VisualStudioVersion = 16.0.32228.343
MinimumVisualStudioVersion = 10.0.40219.1
Project("{FAE04EC0-301F-11D3-BF4B-00C04F79EFBC}") = "MVC_APP_Validation_ServerSide_Demo", "MVC_APP_Validation_ServerSide_Demo\MVC_APP_Validation_ServerSide_Demo.csproj", "{680D3395-E6BF-46CB-B8B6-82285DDE369F}"
EndProject
Global
	GlobalSection(SolutionConfigurationPlatforms) = preSolution
		Debug|Any CPU = Debug|Any CPU
		Release|Any CPU = Release|Any CPU
	EndGlobalSection
	GlobalSection(ProjectConfigurationPlatforms) = postSolution
		{680D3395-E6BF-46CB-B8B6-82285DDE369F}.Debug|Any CPU.ActiveCfg = Debug|Any CPU
		{680D3395-E6BF-46CB-B8B6-82285DDE369F}.Debug|Any CPU.Build.0 = Debug|Any CPU
		{680D3395-E6BF-46CB-B8B6-82285DDE369F}.Release|Any CPU.ActiveCfg = Release|Any CPU
		{680D3395-E6BF-46CB-B8B6-82285DDE369F}.Release|Any CPU.Build.0 = Release|Any CPU
	EndGlobalSection
	GlobalSection(SolutionProperties) = preSolution
		HideSolutionNode = FALSE
	EndGlobalSection
	GlobalSection(ExtensibilityGlobals) = postSolution
		SolutionGuid = {7E60C721-9D3A-4D3C-AFD4-9EF6E2D70497}
	EndGlobalSection
EndGlobal
