
Microsoft Visual Studio Solution File, Format Version 12.00
# Visual Studio Version 17
VisualStudioVersion = 17.1.32328.378
MinimumVisualStudioVersion = 10.0.40219.1
Project("{FAE04EC0-301F-11D3-BF4B-00C04F79EFBC}") = "MVC_ViewModel_Demo", "MVC_ViewModel_Demo\MVC_ViewModel_Demo.csproj", "{78D2C184-7043-4865-B80D-44996E7CFC8C}"
EndProject
Global
	GlobalSection(SolutionConfigurationPlatforms) = preSolution
		Debug|Any CPU = Debug|Any CPU
		Release|Any CPU = Release|Any CPU
	EndGlobalSection
	GlobalSection(ProjectConfigurationPlatforms) = postSolution
		{78D2C184-7043-4865-B80D-44996E7CFC8C}.Debug|Any CPU.ActiveCfg = Debug|Any CPU
		{78D2C184-7043-4865-B80D-44996E7CFC8C}.Debug|Any CPU.Build.0 = Debug|Any CPU
		{78D2C184-7043-4865-B80D-44996E7CFC8C}.Release|Any CPU.ActiveCfg = Release|Any CPU
		{78D2C184-7043-4865-B80D-44996E7CFC8C}.Release|Any CPU.Build.0 = Release|Any CPU
	EndGlobalSection
	GlobalSection(SolutionProperties) = preSolution
		HideSolutionNode = FALSE
	EndGlobalSection
	GlobalSection(ExtensibilityGlobals) = postSolution
		SolutionGuid = {331C6AB2-04EB-4025-8C1F-08CF2B2E6ED0}
	EndGlobalSection
EndGlobal
