
Microsoft Visual Studio Solution File, Format Version 12.00
# Visual Studio Version 16
VisualStudioVersion = 16.0.32228.343
MinimumVisualStudioVersion = 10.0.40219.1
Project("{FAE04EC0-301F-11D3-BF4B-00C04F79EFBC}") = "MVC_Razor_Syntax_Demo", "MVC_Razor_Syntax_Demo\MVC_Razor_Syntax_Demo.csproj", "{7A9925D7-CEF3-48EA-B8C3-F7F3F5958001}"
EndProject
Global
	GlobalSection(SolutionConfigurationPlatforms) = preSolution
		Debug|Any CPU = Debug|Any CPU
		Release|Any CPU = Release|Any CPU
	EndGlobalSection
	GlobalSection(ProjectConfigurationPlatforms) = postSolution
		{7A9925D7-CEF3-48EA-B8C3-F7F3F5958001}.Debug|Any CPU.ActiveCfg = Debug|Any CPU
		{7A9925D7-CEF3-48EA-B8C3-F7F3F5958001}.Debug|Any CPU.Build.0 = Debug|Any CPU
		{7A9925D7-CEF3-48EA-B8C3-F7F3F5958001}.Release|Any CPU.ActiveCfg = Release|Any CPU
		{7A9925D7-CEF3-48EA-B8C3-F7F3F5958001}.Release|Any CPU.Build.0 = Release|Any CPU
	EndGlobalSection
	GlobalSection(SolutionProperties) = preSolution
		HideSolutionNode = FALSE
	EndGlobalSection
	GlobalSection(ExtensibilityGlobals) = postSolution
		SolutionGuid = {7F5963B7-AD4F-4C9C-9686-CE8351165DE4}
	EndGlobalSection
EndGlobal
