
Microsoft Visual Studio Solution File, Format Version 12.00
# Visual Studio Version 17
VisualStudioVersion = 17.8.34330.188
MinimumVisualStudioVersion = 10.0.40219.1
Project("{FAE04EC0-301F-11D3-BF4B-00C04F79EFBC}") = "LINQ_Console", "LINQ_Console.csproj", "{1AC247EE-4712-45EE-A8A4-CF8F6E786574}"
EndProject
Global
	GlobalSection(SolutionConfigurationPlatforms) = preSolution
		Debug|Any CPU = Debug|Any CPU
		Release|Any CPU = Release|Any CPU
	EndGlobalSection
	GlobalSection(ProjectConfigurationPlatforms) = postSolution
		{1AC247EE-4712-45EE-A8A4-CF8F6E786574}.Debug|Any CPU.ActiveCfg = Debug|Any CPU
		{1AC247EE-4712-45EE-A8A4-CF8F6E786574}.Debug|Any CPU.Build.0 = Debug|Any CPU
		{1AC247EE-4712-45EE-A8A4-CF8F6E786574}.Release|Any CPU.ActiveCfg = Release|Any CPU
		{1AC247EE-4712-45EE-A8A4-CF8F6E786574}.Release|Any CPU.Build.0 = Release|Any CPU
	EndGlobalSection
	GlobalSection(SolutionProperties) = preSolution
		HideSolutionNode = FALSE
	EndGlobalSection
	GlobalSection(ExtensibilityGlobals) = postSolution
		SolutionGuid = {3513070F-9C91-4E59-BA56-91671D6CFE45}
	EndGlobalSection
EndGlobal
