
Microsoft Visual Studio Solution File, Format Version 12.00
# Visual Studio Version 16
VisualStudioVersion = 16.0.32228.343
MinimumVisualStudioVersion = 10.0.40219.1
Project("{9A19103F-16F7-4668-BE54-9A1E7A4F7556}") = "MVC_PartialView_Demo", "MVC_PartialView_Demo\MVC_PartialView_Demo.csproj", "{50FA6A4B-58A5-4EC7-A190-8E1414230858}"
EndProject
Project("{9A19103F-16F7-4668-BE54-9A1E7A4F7556}") = "Validation_StudentModel_Server_ClientSide", "D:\Ajit_kulkarni_June23\Validation_StudentModel_Server_ClientSide\Validation_StudentModel_Server_ClientSide\Validation_StudentModel_Server_ClientSide.csproj", "{3032BBCF-EF3D-4998-A2C1-A16757D0B2BE}"
EndProject
Global
	GlobalSection(SolutionConfigurationPlatforms) = preSolution
		Debug|Any CPU = Debug|Any CPU
		Release|Any CPU = Release|Any CPU
	EndGlobalSection
	GlobalSection(ProjectConfigurationPlatforms) = postSolution
		{50FA6A4B-58A5-4EC7-A190-8E1414230858}.Debug|Any CPU.ActiveCfg = Debug|Any CPU
		{50FA6A4B-58A5-4EC7-A190-8E1414230858}.Debug|Any CPU.Build.0 = Debug|Any CPU
		{50FA6A4B-58A5-4EC7-A190-8E1414230858}.Release|Any CPU.ActiveCfg = Release|Any CPU
		{50FA6A4B-58A5-4EC7-A190-8E1414230858}.Release|Any CPU.Build.0 = Release|Any CPU
		{3032BBCF-EF3D-4998-A2C1-A16757D0B2BE}.Debug|Any CPU.ActiveCfg = Debug|Any CPU
		{3032BBCF-EF3D-4998-A2C1-A16757D0B2BE}.Debug|Any CPU.Build.0 = Debug|Any CPU
		{3032BBCF-EF3D-4998-A2C1-A16757D0B2BE}.Release|Any CPU.ActiveCfg = Release|Any CPU
		{3032BBCF-EF3D-4998-A2C1-A16757D0B2BE}.Release|Any CPU.Build.0 = Release|Any CPU
	EndGlobalSection
	GlobalSection(SolutionProperties) = preSolution
		HideSolutionNode = FALSE
	EndGlobalSection
	GlobalSection(ExtensibilityGlobals) = postSolution
		SolutionGuid = {47FCDDE9-3F73-40C0-A68A-9F2232656EA4}
	EndGlobalSection
EndGlobal
